
Microsoft Visual Studio Solution File, Format Version 12.00
# Visual Studio Version 17
VisualStudioVersion = 17.4.33205.214
MinimumVisualStudioVersion = 10.0.40219.1
Project("{9A19103F-16F7-4668-BE54-9A1E7A4F7556}") = "UrunSatisTeslimatSistemi", "UrunSatisTeslimatSistemi\UrunSatisTeslimatSistemi.csproj", "{3844076B-38F6-4263-81D7-E012024ADB23}"
EndProject
Project("{9A19103F-16F7-4668-BE54-9A1E7A4F7556}") = "UrunSatisTeslimatSistemi.Data", "UrunSatisTeslimatSistemi.Data\UrunSatisTeslimatSistemi.Data.csproj", "{F876BC6B-DF14-49A7-B613-0A6F43A83C3E}"
EndProject
Project("{9A19103F-16F7-4668-BE54-9A1E7A4F7556}") = "UrunSatisTeslimatSistemi.Base", "UrunSatisTeslimatSistemi.Base\UrunSatisTeslimatSistemi.Base.csproj", "{3DDD6BFC-D224-4BBF-A801-30986FF80BB2}"
EndProject
Project("{FAE04EC0-301F-11D3-BF4B-00C04F79EFBC}") = "UrunSatisTeslimatSistemi.Dto", "UrunSatisTeslimatSistemi.Dto\UrunSatisTeslimatSistemi.Dto.csproj", "{4475A859-599A-43F7-833D-427232F5394E}"
EndProject
Project("{FAE04EC0-301F-11D3-BF4B-00C04F79EFBC}") = "UrunSatisTeslimatSistemi.Service", "UrunSatisTeslimatSistemi.Service\UrunSatisTeslimatSistemi.Service.csproj", "{C5D58C82-DB09-4245-9EB0-D6DE63C3DCE0}"
EndProject
Global
	GlobalSection(SolutionConfigurationPlatforms) = preSolution
		Debug|Any CPU = Debug|Any CPU
		Release|Any CPU = Release|Any CPU
	EndGlobalSection
	GlobalSection(ProjectConfigurationPlatforms) = postSolution
		{3844076B-38F6-4263-81D7-E012024ADB23}.Debug|Any CPU.ActiveCfg = Debug|Any CPU
		{3844076B-38F6-4263-81D7-E012024ADB23}.Debug|Any CPU.Build.0 = Debug|Any CPU
		{3844076B-38F6-4263-81D7-E012024ADB23}.Release|Any CPU.ActiveCfg = Release|Any CPU
		{3844076B-38F6-4263-81D7-E012024ADB23}.Release|Any CPU.Build.0 = Release|Any CPU
		{F876BC6B-DF14-49A7-B613-0A6F43A83C3E}.Debug|Any CPU.ActiveCfg = Debug|Any CPU
		{F876BC6B-DF14-49A7-B613-0A6F43A83C3E}.Debug|Any CPU.Build.0 = Debug|Any CPU
		{F876BC6B-DF14-49A7-B613-0A6F43A83C3E}.Release|Any CPU.ActiveCfg = Release|Any CPU
		{F876BC6B-DF14-49A7-B613-0A6F43A83C3E}.Release|Any CPU.Build.0 = Release|Any CPU
		{3DDD6BFC-D224-4BBF-A801-30986FF80BB2}.Debug|Any CPU.ActiveCfg = Debug|Any CPU
		{3DDD6BFC-D224-4BBF-A801-30986FF80BB2}.Debug|Any CPU.Build.0 = Debug|Any CPU
		{3DDD6BFC-D224-4BBF-A801-30986FF80BB2}.Release|Any CPU.ActiveCfg = Release|Any CPU
		{3DDD6BFC-D224-4BBF-A801-30986FF80BB2}.Release|Any CPU.Build.0 = Release|Any CPU
		{4475A859-599A-43F7-833D-427232F5394E}.Debug|Any CPU.ActiveCfg = Debug|Any CPU
		{4475A859-599A-43F7-833D-427232F5394E}.Debug|Any CPU.Build.0 = Debug|Any CPU
		{4475A859-599A-43F7-833D-427232F5394E}.Release|Any CPU.ActiveCfg = Release|Any CPU
		{4475A859-599A-43F7-833D-427232F5394E}.Release|Any CPU.Build.0 = Release|Any CPU
		{C5D58C82-DB09-4245-9EB0-D6DE63C3DCE0}.Debug|Any CPU.ActiveCfg = Debug|Any CPU
		{C5D58C82-DB09-4245-9EB0-D6DE63C3DCE0}.Debug|Any CPU.Build.0 = Debug|Any CPU
		{C5D58C82-DB09-4245-9EB0-D6DE63C3DCE0}.Release|Any CPU.ActiveCfg = Release|Any CPU
		{C5D58C82-DB09-4245-9EB0-D6DE63C3DCE0}.Release|Any CPU.Build.0 = Release|Any CPU
	EndGlobalSection
	GlobalSection(SolutionProperties) = preSolution
		HideSolutionNode = FALSE
	EndGlobalSection
	GlobalSection(ExtensibilityGlobals) = postSolution
		SolutionGuid = {9850B72C-42AE-4F96-972F-D345C63F7788}
	EndGlobalSection
EndGlobal
